// !$*UTF8*$!
{
	archiveVersion = 1;
	classes = {
	};
	objectVersion = 50;
	objects = {

/* Begin PBXBuildFile section */
		7699A33E20DB4C9A0001100D /* AppDelegate.swift in Sources */ = {isa = PBXBuildFile; fileRef = 7699A33D20DB4C9A0001100D /* AppDelegate.swift */; };
		7699A34020DB4C9A0001100D /* ViewController.swift in Sources */ = {isa = PBXBuildFile; fileRef = 7699A33F20DB4C9A0001100D /* ViewController.swift */; };
		7699A34320DB4C9A0001100D /* Main.storyboard in Resources */ = {isa = PBXBuildFile; fileRef = 7699A34120DB4C9A0001100D /* Main.storyboard */; };
		7699A34520DB4C9C0001100D /* Assets.xcassets in Resources */ = {isa = PBXBuildFile; fileRef = 7699A34420DB4C9C0001100D /* Assets.xcassets */; };
		7699A34820DB4C9C0001100D /* LaunchScreen.storyboard in Resources */ = {isa = PBXBuildFile; fileRef = 7699A34620DB4C9C0001100D /* LaunchScreen.storyboard */; };
		7699A35320DB4C9C0001100D /* ConfigEnviromentsTests.swift in Sources */ = {isa = PBXBuildFile; fileRef = 7699A35220DB4C9C0001100D /* ConfigEnviromentsTests.swift */; };
		7699A35E20DB4C9D0001100D /* ConfigEnviromentsUITests.swift in Sources */ = {isa = PBXBuildFile; fileRef = 7699A35D20DB4C9D0001100D /* ConfigEnviromentsUITests.swift */; };
/* End PBXBuildFile section */

/* Begin PBXContainerItemProxy section */
		7699A34F20DB4C9C0001100D /* PBXContainerItemProxy */ = {
			isa = PBXContainerItemProxy;
			containerPortal = 7699A33220DB4C9A0001100D /* Project object */;
			proxyType = 1;
			remoteGlobalIDString = 7699A33920DB4C9A0001100D;
			remoteInfo = ConfigEnviroments;
		};
		7699A35A20DB4C9D0001100D /* PBXContainerItemProxy */ = {
			isa = PBXContainerItemProxy;
			containerPortal = 7699A33220DB4C9A0001100D /* Project object */;
			proxyType = 1;
			remoteGlobalIDString = 7699A33920DB4C9A0001100D;
			remoteInfo = ConfigEnviroments;
		};
/* End PBXContainerItemProxy section */

/* Begin PBXFileReference section */
		7699A33A20DB4C9A0001100D /* ConfigEnviroments.app */ = {isa = PBXFileReference; explicitFileType = wrapper.application; includeInIndex = 0; path = ConfigEnviroments.app; sourceTree = BUILT_PRODUCTS_DIR; };
		7699A33D20DB4C9A0001100D /* AppDelegate.swift */ = {isa = PBXFileReference; lastKnownFileType = sourcecode.swift; path = AppDelegate.swift; sourceTree = "<group>"; };
		7699A33F20DB4C9A0001100D /* ViewController.swift */ = {isa = PBXFileReference; lastKnownFileType = sourcecode.swift; path = ViewController.swift; sourceTree = "<group>"; };
		7699A34220DB4C9A0001100D /* Base */ = {isa = PBXFileReference; lastKnownFileType = file.storyboard; name = Base; path = Base.lproj/Main.storyboard; sourceTree = "<group>"; };
		7699A34420DB4C9C0001100D /* Assets.xcassets */ = {isa = PBXFileReference; lastKnownFileType = folder.assetcatalog; path = Assets.xcassets; sourceTree = "<group>"; };
		7699A34720DB4C9C0001100D /* Base */ = {isa = PBXFileReference; lastKnownFileType = file.storyboard; name = Base; path = Base.lproj/LaunchScreen.storyboard; sourceTree = "<group>"; };
		7699A34920DB4C9C0001100D /* Info.plist */ = {isa = PBXFileReference; lastKnownFileType = text.plist.xml; path = Info.plist; sourceTree = "<group>"; };
		7699A34E20DB4C9C0001100D /* ConfigEnviromentsTests.xctest */ = {isa = PBXFileReference; explicitFileType = wrapper.cfbundle; includeInIndex = 0; path = ConfigEnviromentsTests.xctest; sourceTree = BUILT_PRODUCTS_DIR; };
		7699A35220DB4C9C0001100D /* ConfigEnviromentsTests.swift */ = {isa = PBXFileReference; lastKnownFileType = sourcecode.swift; path = ConfigEnviromentsTests.swift; sourceTree = "<group>"; };
		7699A35420DB4C9C0001100D /* Info.plist */ = {isa = PBXFileReference; lastKnownFileType = text.plist.xml; path = Info.plist; sourceTree = "<group>"; };
		7699A35920DB4C9D0001100D /* ConfigEnviromentsUITests.xctest */ = {isa = PBXFileReference; explicitFileType = wrapper.cfbundle; includeInIndex = 0; path = ConfigEnviromentsUITests.xctest; sourceTree = BUILT_PRODUCTS_DIR; };
		7699A35D20DB4C9D0001100D /* ConfigEnviromentsUITests.swift */ = {isa = PBXFileReference; lastKnownFileType = sourcecode.swift; path = ConfigEnviromentsUITests.swift; sourceTree = "<group>"; };
		7699A35F20DB4C9D0001100D /* Info.plist */ = {isa = PBXFileReference; lastKnownFileType = text.plist.xml; path = Info.plist; sourceTree = "<group>"; };
/* End PBXFileReference section */

/* Begin PBXFrameworksBuildPhase section */
		7699A33720DB4C9A0001100D /* Frameworks */ = {
			isa = PBXFrameworksBuildPhase;
			buildActionMask = 2147483647;
			files = (
			);
			runOnlyForDeploymentPostprocessing = 0;
		};
		7699A34B20DB4C9C0001100D /* Frameworks */ = {
			isa = PBXFrameworksBuildPhase;
			buildActionMask = 2147483647;
			files = (
			);
			runOnlyForDeploymentPostprocessing = 0;
		};
		7699A35620DB4C9D0001100D /* Frameworks */ = {
			isa = PBXFrameworksBuildPhase;
			buildActionMask = 2147483647;
			files = (
			);
			runOnlyForDeploymentPostprocessing = 0;
		};
/* End PBXFrameworksBuildPhase section */

/* Begin PBXGroup section */
		7699A33120DB4C9A0001100D = {
			isa = PBXGroup;
			children = (
				7699A33C20DB4C9A0001100D /* ConfigEnviroments */,
				7699A35120DB4C9C0001100D /* ConfigEnviromentsTests */,
				7699A35C20DB4C9D0001100D /* ConfigEnviromentsUITests */,
				7699A33B20DB4C9A0001100D /* Products */,
			);
			sourceTree = "<group>";
		};
		7699A33B20DB4C9A0001100D /* Products */ = {
			isa = PBXGroup;
			children = (
				7699A33A20DB4C9A0001100D /* ConfigEnviroments.app */,
				7699A34E20DB4C9C0001100D /* ConfigEnviromentsTests.xctest */,
				7699A35920DB4C9D0001100D /* ConfigEnviromentsUITests.xctest */,
			);
			name = Products;
			sourceTree = "<group>";
		};
		7699A33C20DB4C9A0001100D /* ConfigEnviroments */ = {
			isa = PBXGroup;
			children = (
				7699A33D20DB4C9A0001100D /* AppDelegate.swift */,
				7699A33F20DB4C9A0001100D /* ViewController.swift */,
				7699A34120DB4C9A0001100D /* Main.storyboard */,
				7699A34420DB4C9C0001100D /* Assets.xcassets */,
				7699A34620DB4C9C0001100D /* LaunchScreen.storyboard */,
				7699A34920DB4C9C0001100D /* Info.plist */,
			);
			path = ConfigEnviroments;
			sourceTree = "<group>";
		};
		7699A35120DB4C9C0001100D /* ConfigEnviromentsTests */ = {
			isa = PBXGroup;
			children = (
				7699A35220DB4C9C0001100D /* ConfigEnviromentsTests.swift */,
				7699A35420DB4C9C0001100D /* Info.plist */,
			);
			path = ConfigEnviromentsTests;
			sourceTree = "<group>";
		};
		7699A35C20DB4C9D0001100D /* ConfigEnviromentsUITests */ = {
			isa = PBXGroup;
			children = (
				7699A35D20DB4C9D0001100D /* ConfigEnviromentsUITests.swift */,
				7699A35F20DB4C9D0001100D /* Info.plist */,
			);
			path = ConfigEnviromentsUITests;
			sourceTree = "<group>";
		};
/* End PBXGroup section */

/* Begin PBXNativeTarget section */
		7699A33920DB4C9A0001100D /* ConfigEnviroments */ = {
			isa = PBXNativeTarget;
			buildConfigurationList = 7699A36220DB4C9D0001100D /* Build configuration list for PBXNativeTarget "ConfigEnviroments" */;
			buildPhases = (
				7699A33620DB4C9A0001100D /* Sources */,
				7699A33720DB4C9A0001100D /* Frameworks */,
				7699A33820DB4C9A0001100D /* Resources */,
			);
			buildRules = (
			);
			dependencies = (
			);
			name = ConfigEnviroments;
			productName = ConfigEnviroments;
			productReference = 7699A33A20DB4C9A0001100D /* ConfigEnviroments.app */;
			productType = "com.apple.product-type.application";
		};
		7699A34D20DB4C9C0001100D /* ConfigEnviromentsTests */ = {
			isa = PBXNativeTarget;
			buildConfigurationList = 7699A36520DB4C9D0001100D /* Build configuration list for PBXNativeTarget "ConfigEnviromentsTests" */;
			buildPhases = (
				7699A34A20DB4C9C0001100D /* Sources */,
				7699A34B20DB4C9C0001100D /* Frameworks */,
				7699A34C20DB4C9C0001100D /* Resources */,
			);
			buildRules = (
			);
			dependencies = (
				7699A35020DB4C9C0001100D /* PBXTargetDependency */,
			);
			name = ConfigEnviromentsTests;
			productName = ConfigEnviromentsTests;
			productReference = 7699A34E20DB4C9C0001100D /* ConfigEnviromentsTests.xctest */;
			productType = "com.apple.product-type.bundle.unit-test";
		};
		7699A35820DB4C9D0001100D /* ConfigEnviromentsUITests */ = {
			isa = PBXNativeTarget;
			buildConfigurationList = 7699A36820DB4C9D0001100D /* Build configuration list for PBXNativeTarget "ConfigEnviromentsUITests" */;
			buildPhases = (
				7699A35520DB4C9D0001100D /* Sources */,
				7699A35620DB4C9D0001100D /* Frameworks */,
				7699A35720DB4C9D0001100D /* Resources */,
			);
			buildRules = (
			);
			dependencies = (
				7699A35B20DB4C9D0001100D /* PBXTargetDependency */,
			);
			name = ConfigEnviromentsUITests;
			productName = ConfigEnviromentsUITests;
			productReference = 7699A35920DB4C9D0001100D /* ConfigEnviromentsUITests.xctest */;
			productType = "com.apple.product-type.bundle.ui-testing";
		};
/* End PBXNativeTarget section */

/* Begin PBXProject section */
		7699A33220DB4C9A0001100D /* Project object */ = {
			isa = PBXProject;
			attributes = {
				LastSwiftUpdateCheck = 0930;
				LastUpgradeCheck = 0930;
				ORGANIZATIONNAME = nguyen.thi.quynh.mai;
				TargetAttributes = {
					7699A33920DB4C9A0001100D = {
						CreatedOnToolsVersion = 9.3;
					};
					7699A34D20DB4C9C0001100D = {
						CreatedOnToolsVersion = 9.3;
						TestTargetID = 7699A33920DB4C9A0001100D;
					};
					7699A35820DB4C9D0001100D = {
						CreatedOnToolsVersion = 9.3;
						TestTargetID = 7699A33920DB4C9A0001100D;
					};
				};
			};
			buildConfigurationList = 7699A33520DB4C9A0001100D /* Build configuration list for PBXProject "ConfigEnviroments" */;
			compatibilityVersion = "Xcode 9.3";
			developmentRegion = en;
			hasScannedForEncodings = 0;
			knownRegions = (
				en,
				Base,
			);
			mainGroup = 7699A33120DB4C9A0001100D;
			productRefGroup = 7699A33B20DB4C9A0001100D /* Products */;
			projectDirPath = "";
			projectRoot = "";
			targets = (
				7699A33920DB4C9A0001100D /* ConfigEnviroments */,
				7699A34D20DB4C9C0001100D /* ConfigEnviromentsTests */,
				7699A35820DB4C9D0001100D /* ConfigEnviromentsUITests */,
			);
		};
/* End PBXProject section */

/* Begin PBXResourcesBuildPhase section */
		7699A33820DB4C9A0001100D /* Resources */ = {
			isa = PBXResourcesBuildPhase;
			buildActionMask = 2147483647;
			files = (
				7699A34820DB4C9C0001100D /* LaunchScreen.storyboard in Resources */,
				7699A34520DB4C9C0001100D /* Assets.xcassets in Resources */,
				7699A34320DB4C9A0001100D /* Main.storyboard in Resources */,
			);
			runOnlyForDeploymentPostprocessing = 0;
		};
		7699A34C20DB4C9C0001100D /* Resources */ = {
			isa = PBXResourcesBuildPhase;
			buildActionMask = 2147483647;
			files = (
			);
			runOnlyForDeploymentPostprocessing = 0;
		};
		7699A35720DB4C9D0001100D /* Resources */ = {
			isa = PBXResourcesBuildPhase;
			buildActionMask = 2147483647;
			files = (
			);
			runOnlyForDeploymentPostprocessing = 0;
		};
/* End PBXResourcesBuildPhase section */

/* Begin PBXSourcesBuildPhase section */
		7699A33620DB4C9A0001100D /* Sources */ = {
			isa = PBXSourcesBuildPhase;
			buildActionMask = 2147483647;
			files = (
				7699A34020DB4C9A0001100D /* ViewController.swift in Sources */,
				7699A33E20DB4C9A0001100D /* AppDelegate.swift in Sources */,
			);
			runOnlyForDeploymentPostprocessing = 0;
		};
		7699A34A20DB4C9C0001100D /* Sources */ = {
			isa = PBXSourcesBuildPhase;
			buildActionMask = 2147483647;
			files = (
				7699A35320DB4C9C0001100D /* ConfigEnviromentsTests.swift in Sources */,
			);
			runOnlyForDeploymentPostprocessing = 0;
		};
		7699A35520DB4C9D0001100D /* Sources */ = {
			isa = PBXSourcesBuildPhase;
			buildActionMask = 2147483647;
			files = (
				7699A35E20DB4C9D0001100D /* ConfigEnviromentsUITests.swift in Sources */,
			);
			runOnlyForDeploymentPostprocessing = 0;
		};
/* End PBXSourcesBuildPhase section */

/* Begin PBXTargetDependency section */
		7699A35020DB4C9C0001100D /* PBXTargetDependency */ = {
			isa = PBXTargetDependency;
			target = 7699A33920DB4C9A0001100D /* ConfigEnviroments */;
			targetProxy = 7699A34F20DB4C9C0001100D /* PBXContainerItemProxy */;
		};
		7699A35B20DB4C9D0001100D /* PBXTargetDependency */ = {
			isa = PBXTargetDependency;
			target = 7699A33920DB4C9A0001100D /* ConfigEnviroments */;
			targetProxy = 7699A35A20DB4C9D0001100D /* PBXContainerItemProxy */;
		};
/* End PBXTargetDependency section */

/* Begin PBXVariantGroup section */
		7699A34120DB4C9A0001100D /* Main.storyboard */ = {
			isa = PBXVariantGroup;
			children = (
				7699A34220DB4C9A0001100D /* Base */,
			);
			name = Main.storyboard;
			sourceTree = "<group>";
		};
		7699A34620DB4C9C0001100D /* LaunchScreen.storyboard */ = {
			isa = PBXVariantGroup;
			children = (
				7699A34720DB4C9C0001100D /* Base */,
			);
			name = LaunchScreen.storyboard;
			sourceTree = "<group>";
		};
/* End PBXVariantGroup section */

/* Begin XCBuildConfiguration section */
		7699A36020DB4C9D0001100D /* Debug */ = {
			isa = XCBuildConfiguration;
			buildSettings = {
				ALWAYS_SEARCH_USER_PATHS = NO;
				CLANG_ANALYZER_NONNULL = YES;
				CLANG_ANALYZER_NUMBER_OBJECT_CONVERSION = YES_AGGRESSIVE;
				CLANG_CXX_LANGUAGE_STANDARD = "gnu++14";
				CLANG_CXX_LIBRARY = "libc++";
				CLANG_ENABLE_MODULES = YES;
				CLANG_ENABLE_OBJC_ARC = YES;
				CLANG_ENABLE_OBJC_WEAK = YES;
				CLANG_WARN_BLOCK_CAPTURE_AUTORELEASING = YES;
				CLANG_WARN_BOOL_CONVERSION = YES;
				CLANG_WARN_COMMA = YES;
				CLANG_WARN_CONSTANT_CONVERSION = YES;
				CLANG_WARN_DEPRECATED_OBJC_IMPLEMENTATIONS = YES;
				CLANG_WARN_DIRECT_OBJC_ISA_USAGE = YES_ERROR;
				CLANG_WARN_DOCUMENTATION_COMMENTS = YES;
				CLANG_WARN_EMPTY_BODY = YES;
				CLANG_WARN_ENUM_CONVERSION = YES;
				CLANG_WARN_INFINITE_RECURSION = YES;
				CLANG_WARN_INT_CONVERSION = YES;
				CLANG_WARN_NON_LITERAL_NULL_CONVERSION = YES;
				CLANG_WARN_OBJC_IMPLICIT_RETAIN_SELF = YES;
				CLANG_WARN_OBJC_LITERAL_CONVERSION = YES;
				CLANG_WARN_OBJC_ROOT_CLASS = YES_ERROR;
				CLANG_WARN_RANGE_LOOP_ANALYSIS = YES;
				CLANG_WARN_STRICT_PROTOTYPES = YES;
				CLANG_WARN_SUSPICIOUS_MOVE = YES;
				CLANG_WARN_UNGUARDED_AVAILABILITY = YES_AGGRESSIVE;
				CLANG_WARN_UNREACHABLE_CODE = YES;
				CLANG_WARN__DUPLICATE_METHOD_MATCH = YES;
				CODE_SIGN_IDENTITY = "iPhone Developer";
				COPY_PHASE_STRIP = NO;
				DEBUG_INFORMATION_FORMAT = dwarf;
				ENABLE_STRICT_OBJC_MSGSEND = YES;
				ENABLE_TESTABILITY = YES;
				GCC_C_LANGUAGE_STANDARD = gnu11;
				GCC_DYNAMIC_NO_PIC = NO;
				GCC_NO_COMMON_BLOCKS = YES;
				GCC_OPTIMIZATION_LEVEL = 0;
				GCC_PREPROCESSOR_DEFINITIONS = (
					"DEBUG=1",
					"$(inherited)",
				);
				GCC_WARN_64_TO_32_BIT_CONVERSION = YES;
				GCC_WARN_ABOUT_RETURN_TYPE = YES_ERROR;
				GCC_WARN_UNDECLARED_SELECTOR = YES;
				GCC_WARN_UNINITIALIZED_AUTOS = YES_AGGRESSIVE;
				GCC_WARN_UNUSED_FUNCTION = YES;
				GCC_WARN_UNUSED_VARIABLE = YES;
				IPHONEOS_DEPLOYMENT_TARGET = 11.3;
				MTL_ENABLE_DEBUG_INFO = YES;
				ONLY_ACTIVE_ARCH = YES;
				SDKROOT = iphoneos;
				SWIFT_ACTIVE_COMPILATION_CONDITIONS = DEBUG;
				SWIFT_OPTIMIZATION_LEVEL = "-Onone";
			};
			name = Debug;
		};
		7699A36120DB4C9D0001100D /* Release */ = {
			isa = XCBuildConfiguration;
			buildSettings = {
				ALWAYS_SEARCH_USER_PATHS = NO;
				CLANG_ANALYZER_NONNULL = YES;
				CLANG_ANALYZER_NUMBER_OBJECT_CONVERSION = YES_AGGRESSIVE;
				CLANG_CXX_LANGUAGE_STANDARD = "gnu++14";
				CLANG_CXX_LIBRARY = "libc++";
				CLANG_ENABLE_MODULES = YES;
				CLANG_ENABLE_OBJC_ARC = YES;
				CLANG_ENABLE_OBJC_WEAK = YES;
				CLANG_WARN_BLOCK_CAPTURE_AUTORELEASING = YES;
				CLANG_WARN_BOOL_CONVERSION = YES;
				CLANG_WARN_COMMA = YES;
				CLANG_WARN_CONSTANT_CONVERSION = YES;
				CLANG_WARN_DEPRECATED_OBJC_IMPLEMENTATIONS = YES;
				CLANG_WARN_DIRECT_OBJC_ISA_USAGE = YES_ERROR;
				CLANG_WARN_DOCUMENTATION_COMMENTS = YES;
				CLANG_WARN_EMPTY_BODY = YES;
				CLANG_WARN_ENUM_CONVERSION = YES;
				CLANG_WARN_INFINITE_RECURSION = YES;
				CLANG_WARN_INT_CONVERSION = YES;
				CLANG_WARN_NON_LITERAL_NULL_CONVERSION = YES;
				CLANG_WARN_OBJC_IMPLICIT_RETAIN_SELF = YES;
				CLANG_WARN_OBJC_LITERAL_CONVERSION = YES;
				CLANG_WARN_OBJC_ROOT_CLASS = YES_ERROR;
				CLANG_WARN_RANGE_LOOP_ANALYSIS = YES;
				CLANG_WARN_STRICT_PROTOTYPES = YES;
				CLANG_WARN_SUSPICIOUS_MOVE = YES;
				CLANG_WARN_UNGUARDED_AVAILABILITY = YES_AGGRESSIVE;
				CLANG_WARN_UNREACHABLE_CODE = YES;
				CLANG_WARN__DUPLICATE_METHOD_MATCH = YES;
				CODE_SIGN_IDENTITY = "iPhone Developer";
				COPY_PHASE_STRIP = NO;
				DEBUG_INFORMATION_FORMAT = "dwarf-with-dsym";
				ENABLE_NS_ASSERTIONS = NO;
				ENABLE_STRICT_OBJC_MSGSEND = YES;
				GCC_C_LANGUAGE_STANDARD = gnu11;
				GCC_NO_COMMON_BLOCKS = YES;
				GCC_WARN_64_TO_32_BIT_CONVERSION = YES;
				GCC_WARN_ABOUT_RETURN_TYPE = YES_ERROR;
				GCC_WARN_UNDECLARED_SELECTOR = YES;
				GCC_WARN_UNINITIALIZED_AUTOS = YES_AGGRESSIVE;
				GCC_WARN_UNUSED_FUNCTION = YES;
				GCC_WARN_UNUSED_VARIABLE = YES;
				IPHONEOS_DEPLOYMENT_TARGET = 11.3;
				MTL_ENABLE_DEBUG_INFO = NO;
				SDKROOT = iphoneos;
				SWIFT_COMPILATION_MODE = wholemodule;
				SWIFT_OPTIMIZATION_LEVEL = "-O";
				VALIDATE_PRODUCT = YES;
			};
			name = Release;
		};
		7699A36320DB4C9D0001100D /* Debug */ = {
			isa = XCBuildConfiguration;
			buildSettings = {
				ASSETCATALOG_COMPILER_APPICON_NAME = AppIcon;
				CODE_SIGN_STYLE = Automatic;
				INFOPLIST_FILE = ConfigEnviroments/Info.plist;
				LD_RUNPATH_SEARCH_PATHS = (
					"$(inherited)",
					"@executable_path/Frameworks",
				);
				PRODUCT_BUNDLE_IDENTIFIER = LucyNguyen.ConfigEnviroments;
				PRODUCT_NAME = "$(TARGET_NAME)";
				SWIFT_VERSION = 4.0;
				TARGETED_DEVICE_FAMILY = "1,2";
			};
			name = Debug;
		};
		7699A36420DB4C9D0001100D /* Release */ = {
			isa = XCBuildConfiguration;
			buildSettings = {
				ASSETCATALOG_COMPILER_APPICON_NAME = AppIcon;
				CODE_SIGN_STYLE = Automatic;
				INFOPLIST_FILE = ConfigEnviroments/Info.plist;
				LD_RUNPATH_SEARCH_PATHS = (
					"$(inherited)",
					"@executable_path/Frameworks",
				);
				PRODUCT_BUNDLE_IDENTIFIER = LucyNguyen.ConfigEnviroments;
				PRODUCT_NAME = "$(TARGET_NAME)";
				SWIFT_VERSION = 4.0;
				TARGETED_DEVICE_FAMILY = "1,2";
			};
			name = Release;
		};
		7699A36620DB4C9D0001100D /* Debug */ = {
			isa = XCBuildConfiguration;
			buildSettings = {
				ALWAYS_EMBED_SWIFT_STANDARD_LIBRARIES = YES;
				BUNDLE_LOADER = "$(TEST_HOST)";
				CODE_SIGN_STYLE = Automatic;
				INFOPLIST_FILE = ConfigEnviromentsTests/Info.plist;
				LD_RUNPATH_SEARCH_PATHS = (
					"$(inherited)",
					"@executable_path/Frameworks",
					"@loader_path/Frameworks",
				);
				PRODUCT_BUNDLE_IDENTIFIER = LucyNguyen.ConfigEnviromentsTests;
				PRODUCT_NAME = "$(TARGET_NAME)";
				SWIFT_VERSION = 4.0;
				TARGETED_DEVICE_FAMILY = "1,2";
				TEST_HOST = "$(BUILT_PRODUCTS_DIR)/ConfigEnviroments.app/ConfigEnviroments";
			};
			name = Debug;
		};
		7699A36720DB4C9D0001100D /* Release */ = {
			isa = XCBuildConfiguration;
			buildSettings = {
				ALWAYS_EMBED_SWIFT_STANDARD_LIBRARIES = YES;
				BUNDLE_LOADER = "$(TEST_HOST)";
				CODE_SIGN_STYLE = Automatic;
				INFOPLIST_FILE = ConfigEnviromentsTests/Info.plist;
				LD_RUNPATH_SEARCH_PATHS = (
					"$(inherited)",
					"@executable_path/Frameworks",
					"@loader_path/Frameworks",
				);
				PRODUCT_BUNDLE_IDENTIFIER = LucyNguyen.ConfigEnviromentsTests;
				PRODUCT_NAME = "$(TARGET_NAME)";
				SWIFT_VERSION = 4.0;
				TARGETED_DEVICE_FAMILY = "1,2";
				TEST_HOST = "$(BUILT_PRODUCTS_DIR)/ConfigEnviroments.app/ConfigEnviroments";
			};
			name = Release;
		};
		7699A36920DB4C9D0001100D /* Debug */ = {
			isa = XCBuildConfiguration;
			buildSettings = {
				ALWAYS_EMBED_SWIFT_STANDARD_LIBRARIES = YES;
				CODE_SIGN_STYLE = Automatic;
				INFOPLIST_FILE = ConfigEnviromentsUITests/Info.plist;
				LD_RUNPATH_SEARCH_PATHS = (
					"$(inherited)",
					"@executable_path/Frameworks",
					"@loader_path/Frameworks",
				);
				PRODUCT_BUNDLE_IDENTIFIER = LucyNguyen.ConfigEnviromentsUITests;
				PRODUCT_NAME = "$(TARGET_NAME)";
				SWIFT_VERSION = 4.0;
				TARGETED_DEVICE_FAMILY = "1,2";
				TEST_TARGET_NAME = ConfigEnviroments;
			};
			name = Debug;
		};
		7699A36A20DB4C9D0001100D /* Release */ = {
			isa = XCBuildConfiguration;
			buildSettings = {
				ALWAYS_EMBED_SWIFT_STANDARD_LIBRARIES = YES;
				CODE_SIGN_STYLE = Automatic;
				INFOPLIST_FILE = ConfigEnviromentsUITests/Info.plist;
				LD_RUNPATH_SEARCH_PATHS = (
					"$(inherited)",
					"@executable_path/Frameworks",
					"@loader_path/Frameworks",
				);
				PRODUCT_BUNDLE_IDENTIFIER = LucyNguyen.ConfigEnviromentsUITests;
				PRODUCT_NAME = "$(TARGET_NAME)";
				SWIFT_VERSION = 4.0;
				TARGETED_DEVICE_FAMILY = "1,2";
				TEST_TARGET_NAME = ConfigEnviroments;
			};
			name = Release;
		};
/* End XCBuildConfiguration section */

/* Begin XCConfigurationList section */
		7699A33520DB4C9A0001100D /* Build configuration list for PBXProject "ConfigEnviroments" */ = {
			isa = XCConfigurationList;
			buildConfigurations = (
				7699A36020DB4C9D0001100D /* Debug */,
				7699A36120DB4C9D0001100D /* Release */,
			);
			defaultConfigurationIsVisible = 0;
			defaultConfigurationName = Release;
		};
		7699A36220DB4C9D0001100D /* Build configuration list for PBXNativeTarget "ConfigEnviroments" */ = {
			isa = XCConfigurationList;
			buildConfigurations = (
				7699A36320DB4C9D0001100D /* Debug */,
				7699A36420DB4C9D0001100D /* Release */,
			);
			defaultConfigurationIsVisible = 0;
			defaultConfigurationName = Release;
		};
		7699A36520DB4C9D0001100D /* Build configuration list for PBXNativeTarget "ConfigEnviromentsTests" */ = {
			isa = XCConfigurationList;
			buildConfigurations = (
				7699A36620DB4C9D0001100D /* Debug */,
				7699A36720DB4C9D0001100D /* Release */,
			);
			defaultConfigurationIsVisible = 0;
			defaultConfigurationName = Release;
		};
		7699A36820DB4C9D0001100D /* Build configuration list for PBXNativeTarget "ConfigEnviromentsUITests" */ = {
			isa = XCConfigurationList;
			buildConfigurations = (
				7699A36920DB4C9D0001100D /* Debug */,
				7699A36A20DB4C9D0001100D /* Release */,
			);
			defaultConfigurationIsVisible = 0;
			defaultConfigurationName = Release;
		};
/* End XCConfigurationList section */
	};
	rootObject = 7699A33220DB4C9A0001100D /* Project object */;
}
